
Microsoft Visual Studio Solution File, Format Version 12.00
# Visual Studio 15
VisualStudioVersion = 15.0.28010.2046
MinimumVisualStudioVersion = 10.0.40219.1
Project("{FAE04EC0-301F-11D3-BF4B-00C04F79EFBC}") = "nezamestnanost", "nezamestnanost\nezamestnanost.csproj", "{75AA1CE6-ACFB-4DDA-8F39-D356CCC6F4D4}"
EndProject
Global
	GlobalSection(SolutionConfigurationPlatforms) = preSolution
		Debug|Any CPU = Debug|Any CPU
		Release|Any CPU = Release|Any CPU
	EndGlobalSection
	GlobalSection(ProjectConfigurationPlatforms) = postSolution
		{75AA1CE6-ACFB-4DDA-8F39-D356CCC6F4D4}.Debug|Any CPU.ActiveCfg = Debug|Any CPU
		{75AA1CE6-ACFB-4DDA-8F39-D356CCC6F4D4}.Debug|Any CPU.Build.0 = Debug|Any CPU
		{75AA1CE6-ACFB-4DDA-8F39-D356CCC6F4D4}.Release|Any CPU.ActiveCfg = Release|Any CPU
		{75AA1CE6-ACFB-4DDA-8F39-D356CCC6F4D4}.Release|Any CPU.Build.0 = Release|Any CPU
	EndGlobalSection
	GlobalSection(SolutionProperties) = preSolution
		HideSolutionNode = FALSE
	EndGlobalSection
	GlobalSection(ExtensibilityGlobals) = postSolution
		SolutionGuid = {41B93DE8-5F07-4E96-9333-813B3C96F1A9}
	EndGlobalSection
EndGlobal
